# This file is automatically @generated by Cargo.
# It is not intended for manual editing.
version = 4

[[package]]
name = "aho-corasick"
version = "1.1.3"
source = "registry+https://github.com/rust-lang/crates.io-index"
checksum = "8e60d3430d3a69478ad0993f19238d2df97c507009a52b3c10addcd7f6bcb916"
dependencies = [
 "memchr",
]

[[package]]
name = "autocfg"
version = "1.0.1"
source = "registry+https://github.com/rust-lang/crates.io-index"
checksum = "cdb031dd78e28731d87d56cc8ffef4a8f36ca26c38fe2de700543e627f8a464a"

[[package]]
name = "bincode"
version = "1.3.1"
source = "registry+https://github.com/rust-lang/crates.io-index"
checksum = "f30d3a39baa26f9651f17b375061f3233dde33424a8b72b0dbe93a68a0bc896d"
dependencies = [
 "byteorder",
 "serde",
]

[[package]]
name = "byteorder"
version = "1.3.4"
source = "registry+https://github.com/rust-lang/crates.io-index"
checksum = "08c48aae112d48ed9f069b33538ea9e3e90aa263cfa3d1c24309612b1f7472de"

[[package]]
name = "either"
version = "1.15.0"
source = "registry+https://github.com/rust-lang/crates.io-index"
checksum = "48c757948c5ede0e46177b7add2e67155f70e33c07fea8284df6576da70b3719"

[[package]]
name = "fnv"
version = "1.0.7"
source = "registry+https://github.com/rust-lang/crates.io-index"
checksum = "3f9eec918d3f24069decb9af1554cad7c880e2da24a9afd88aca000531ab82c1"

[[package]]
name = "heck"
version = "0.5.0"
source = "registry+https://github.com/rust-lang/crates.io-index"
checksum = "2304e00983f87ffb38b55b444b5e3b60a884b5d30c0fca7d82fe33449bbe55ea"

[[package]]
name = "linked-hash-map"
version = "0.5.3"
source = "registry+https://github.com/rust-lang/crates.io-index"
checksum = "8dd5a6d5999d9907cda8ed67bbd137d3af8085216c2ac62de5be860bd41f304a"

[[package]]
name = "lru-cache"
version = "0.1.2"
source = "registry+https://github.com/rust-lang/crates.io-index"
checksum = "31e24f1ad8321ca0e8a1e0ac13f23cb668e6f5466c2c57319f6a5cf1cc8e3b1c"
dependencies = [
 "linked-hash-map",
]

[[package]]
name = "memchr"
version = "2.7.4"
source = "registry+https://github.com/rust-lang/crates.io-index"
checksum = "78ca9ab1a0babb1e7d5695e3530886289c18cf2f87ec19a575a0abdce112e3a3"

[[package]]
name = "minimal-lexical"
version = "0.2.1"
source = "registry+https://github.com/rust-lang/crates.io-index"
checksum = "68354c5c6bd36d73ff3feceb05efa59b6acb7626617f4962be322a825e61f79a"

[[package]]
name = "nom"
version = "7.1.3"
source = "registry+https://github.com/rust-lang/crates.io-index"
checksum = "d273983c5a657a70a3e8f2a01329822f3b8c8172b73826411a55751e404a0a4a"
dependencies = [
 "memchr",
 "minimal-lexical",
]

[[package]]
name = "num-traits"
version = "0.2.19"
source = "registry+https://github.com/rust-lang/crates.io-index"
checksum = "071dfc062690e90b734c0b2273ce72ad0ffa95f0c74596bc250dcfd960262841"
dependencies = [
 "autocfg",
]

[[package]]
name = "once_cell"
version = "1.21.3"
source = "registry+https://github.com/rust-lang/crates.io-index"
checksum = "42f5e15c9953c5e4ccceeb2e7382a716482c34515315f7b03532b8b4e8393d2d"

[[package]]
name = "oncemutex"
version = "0.1.1"
source = "registry+https://github.com/rust-lang/crates.io-index"
checksum = "44d11de466f4a3006fe8a5e7ec84e93b79c70cb992ae0aa0eb631ad2df8abfe2"

[[package]]
name = "paste"
version = "1.0.15"
source = "registry+https://github.com/rust-lang/crates.io-index"
checksum = "57c0d7b74b563b49d38dae00a0c37d4d6de9b432382b2892f0574ddcae73fd0a"

[[package]]
name = "phonenumber"
version = "0.3.7+8.13.52"
source = "registry+https://github.com/rust-lang/crates.io-index"
checksum = "2247167dc3741816fdd4d3690e97f56a892a264b44f4c702078b72d1f8b6bd40"
dependencies = [
 "bincode",
 "either",
 "fnv",
 "nom",
 "once_cell",
 "quick-xml",
 "regex",
 "regex-cache",
 "serde",
 "serde_derive",
 "strum",
 "thiserror",
]

[[package]]
name = "proc-macro2"
version = "1.0.95"
source = "registry+https://github.com/rust-lang/crates.io-index"
checksum = "02b3e5e68a3a1a02aad3ec490a98007cbc13c37cbe84a3cd7b8e406d76e7f778"
dependencies = [
 "unicode-ident",
]

[[package]]
name = "quick-xml"
version = "0.37.5"
source = "registry+https://github.com/rust-lang/crates.io-index"
checksum = "331e97a1af0bf59823e6eadffe373d7b27f485be8748f71471c662c1f269b7fb"
dependencies = [
 "memchr",
]

[[package]]
name = "quote"
version = "1.0.40"
source = "registry+https://github.com/rust-lang/crates.io-index"
checksum = "1885c039570dc00dcb4ff087a89e185fd56bae234ddc7f056a945bf36467248d"
dependencies = [
 "proc-macro2",
]

[[package]]
name = "regex"
version = "1.11.1"
source = "registry+https://github.com/rust-lang/crates.io-index"
checksum = "b544ef1b4eac5dc2db33ea63606ae9ffcfac26c1416a2806ae0bf5f56b201191"
dependencies = [
 "aho-corasick",
 "memchr",
 "regex-automata",
 "regex-syntax 0.8.5",
]

[[package]]
name = "regex-automata"
version = "0.4.9"
source = "registry+https://github.com/rust-lang/crates.io-index"
checksum = "809e8dc61f6de73b46c85f4c96486310fe304c434cfa43669d7b40f711150908"
dependencies = [
 "aho-corasick",
 "memchr",
 "regex-syntax 0.8.5",
]

[[package]]
name = "regex-cache"
version = "0.2.1"
source = "registry+https://github.com/rust-lang/crates.io-index"
checksum = "2f7b62d69743b8b94f353b6b7c3deb4c5582828328bcb8d5fedf214373808793"
dependencies = [
 "lru-cache",
 "oncemutex",
 "regex",
 "regex-syntax 0.6.21",
]

[[package]]
name = "regex-syntax"
version = "0.6.21"
source = "registry+https://github.com/rust-lang/crates.io-index"
checksum = "3b181ba2dcf07aaccad5448e8ead58db5b742cf85dfe035e2227f137a539a189"

[[package]]
name = "regex-syntax"
version = "0.8.5"
source = "registry+https://github.com/rust-lang/crates.io-index"
checksum = "2b15c43186be67a4fd63bee50d0303afffcef381492ebe2c5d87f324e1b8815c"

[[package]]
name = "rustversion"
version = "1.0.21"
source = "registry+https://github.com/rust-lang/crates.io-index"
checksum = "8a0d197bd2c9dc6e53b84da9556a69ba4cdfab8619eb41a8bd1cc2027a0f6b1d"

[[package]]
name = "sanitizer"
version = "0.1.7"
dependencies = [
 "heck",
 "num-traits",
 "paste",
 "phonenumber",
 "sanitizer_macros",
]

[[package]]
name = "sanitizer_macros"
version = "0.2.2"
dependencies = [
 "proc-macro2",
 "quote",
 "sanitizer",
 "syn 1.0.60",
]

[[package]]
name = "serde"
version = "1.0.117"
source = "registry+https://github.com/rust-lang/crates.io-index"
checksum = "b88fa983de7720629c9387e9f517353ed404164b1e482c970a90c1a4aaf7dc1a"

[[package]]
name = "serde_derive"
version = "1.0.117"
source = "registry+https://github.com/rust-lang/crates.io-index"
checksum = "cbd1ae72adb44aab48f325a02444a5fc079349a8d804c1fc922aed3f7454c74e"
dependencies = [
 "proc-macro2",
 "quote",
 "syn 1.0.60",
]

[[package]]
name = "strum"
version = "0.26.3"
source = "registry+https://github.com/rust-lang/crates.io-index"
checksum = "8fec0f0aef304996cf250b31b5a10dee7980c85da9d759361292b8bca5a18f06"
dependencies = [
 "strum_macros",
]

[[package]]
name = "strum_macros"
version = "0.26.4"
source = "registry+https://github.com/rust-lang/crates.io-index"
checksum = "4c6bee85a5a24955dc440386795aa378cd9cf82acd5f764469152d2270e581be"
dependencies = [
 "heck",
 "proc-macro2",
 "quote",
 "rustversion",
 "syn 2.0.101",
]

[[package]]
name = "syn"
version = "1.0.60"
source = "registry+https://github.com/rust-lang/crates.io-index"
checksum = "c700597eca8a5a762beb35753ef6b94df201c81cca676604f547495a0d7f0081"
dependencies = [
 "proc-macro2",
 "quote",
 "unicode-xid",
]

[[package]]
name = "syn"
version = "2.0.101"
source = "registry+https://github.com/rust-lang/crates.io-index"
checksum = "8ce2b7fc941b3a24138a0a7cf8e858bfc6a992e7978a068a5c760deb0ed43caf"
dependencies = [
 "proc-macro2",
 "quote",
 "unicode-ident",
]

[[package]]
name = "thiserror"
version = "1.0.22"
source = "registry+https://github.com/rust-lang/crates.io-index"
checksum = "0e9ae34b84616eedaaf1e9dd6026dbe00dcafa92aa0c8077cb69df1fcfe5e53e"
dependencies = [
 "thiserror-impl",
]

[[package]]
name = "thiserror-impl"
version = "1.0.22"
source = "registry+https://github.com/rust-lang/crates.io-index"
checksum = "9ba20f23e85b10754cd195504aebf6a27e2e6cbe28c17778a0c930724628dd56"
dependencies = [
 "proc-macro2",
 "quote",
 "syn 1.0.60",
]

[[package]]
name = "unicode-ident"
version = "1.0.18"
source = "registry+https://github.com/rust-lang/crates.io-index"
checksum = "5a5f39404a5da50712a4c1eecf25e90dd62b613502b7e925fd4e4d19b5c96512"

[[package]]
name = "unicode-xid"
version = "0.2.1"
source = "registry+https://github.com/rust-lang/crates.io-index"
checksum = "f7fe0bb3479651439c9112f72b6c505038574c9fbb575ed1bf3b797fa39dd564"
